// !$*UTF8*$!
{
	archiveVersion = 1;
	classes = {
	};
	objectVersion = 56;
	objects = {

/* Begin PBXBuildFile section */
		F455FD7E2C047DF8005C2E2A /* EssentialFeed.framework in Frameworks */ = {isa = PBXBuildFile; fileRef = F455FD752C047DF7005C2E2A /* EssentialFeed.framework */; };
		F455FD8E2C047E07005C2E2A /* FeedItem.swift in Sources */ = {isa = PBXBuildFile; fileRef = F455FD8D2C047E07005C2E2A /* FeedItem.swift */; };
		F455FD902C047EE0005C2E2A /* FeedLoader.swift in Sources */ = {isa = PBXBuildFile; fileRef = F455FD8F2C047EE0005C2E2A /* FeedLoader.swift */; };
		F455FD932C04A5AF005C2E2A /* RemoteFeedLoaderTests.swift in Sources */ = {isa = PBXBuildFile; fileRef = F455FD922C04A5AF005C2E2A /* RemoteFeedLoaderTests.swift */; };
		F455FD962C05C30B005C2E2A /* RemoteFeedLoader.swift in Sources */ = {isa = PBXBuildFile; fileRef = F455FD952C05C30B005C2E2A /* RemoteFeedLoader.swift */; };
		F455FDC92C086202005C2E2A /* HTTPClient.swift in Sources */ = {isa = PBXBuildFile; fileRef = F455FDC82C086202005C2E2A /* HTTPClient.swift */; };
		F455FDCB2C086251005C2E2A /* FeedItemsMapper.swift in Sources */ = {isa = PBXBuildFile; fileRef = F455FDCA2C086251005C2E2A /* FeedItemsMapper.swift */; };
		F455FDD12C0B13B8005C2E2A /* URLSessionHTTPClientTests.swift in Sources */ = {isa = PBXBuildFile; fileRef = F455FDD02C0B13B8005C2E2A /* URLSessionHTTPClientTests.swift */; };
		F455FDD62C0C6F19005C2E2A /* XCTestCase+MemoryLeakTracking.swift in Sources */ = {isa = PBXBuildFile; fileRef = F455FDD52C0C6F19005C2E2A /* XCTestCase+MemoryLeakTracking.swift */; };
		F455FDD82C0C80D0005C2E2A /* URLSessionHTTPClient.swift in Sources */ = {isa = PBXBuildFile; fileRef = F455FDD72C0C80D0005C2E2A /* URLSessionHTTPClient.swift */; };
		F455FDE62C0DB920005C2E2A /* EssentialFeedAPIEndToEndTests.swift in Sources */ = {isa = PBXBuildFile; fileRef = F455FDE52C0DB920005C2E2A /* EssentialFeedAPIEndToEndTests.swift */; };
		F455FDE72C0DB920005C2E2A /* EssentialFeed.framework in Frameworks */ = {isa = PBXBuildFile; fileRef = F455FD752C047DF7005C2E2A /* EssentialFeed.framework */; };
		F455FDEE2C0DC265005C2E2A /* XCTestCase+MemoryLeakTracking.swift in Sources */ = {isa = PBXBuildFile; fileRef = F455FDD52C0C6F19005C2E2A /* XCTestCase+MemoryLeakTracking.swift */; };
/* End PBXBuildFile section */

/* Begin PBXContainerItemProxy section */
		F455FD7F2C047DF8005C2E2A /* PBXContainerItemProxy */ = {
			isa = PBXContainerItemProxy;
			containerPortal = F455FD6C2C047DF7005C2E2A /* Project object */;
			proxyType = 1;
			remoteGlobalIDString = F455FD742C047DF7005C2E2A;
			remoteInfo = EssentialFeed;
		};
		F455FDE82C0DB920005C2E2A /* PBXContainerItemProxy */ = {
			isa = PBXContainerItemProxy;
			containerPortal = F455FD6C2C047DF7005C2E2A /* Project object */;
			proxyType = 1;
			remoteGlobalIDString = F455FD742C047DF7005C2E2A;
			remoteInfo = EssentialFeed;
		};
/* End PBXContainerItemProxy section */

/* Begin PBXFileReference section */
		F455FD752C047DF7005C2E2A /* EssentialFeed.framework */ = {isa = PBXFileReference; explicitFileType = wrapper.framework; includeInIndex = 0; path = EssentialFeed.framework; sourceTree = BUILT_PRODUCTS_DIR; };
		F455FD7D2C047DF8005C2E2A /* EssentialFeedTests.xctest */ = {isa = PBXFileReference; explicitFileType = wrapper.cfbundle; includeInIndex = 0; path = EssentialFeedTests.xctest; sourceTree = BUILT_PRODUCTS_DIR; };
		F455FD8D2C047E07005C2E2A /* FeedItem.swift */ = {isa = PBXFileReference; lastKnownFileType = sourcecode.swift; path = FeedItem.swift; sourceTree = "<group>"; };
		F455FD8F2C047EE0005C2E2A /* FeedLoader.swift */ = {isa = PBXFileReference; lastKnownFileType = sourcecode.swift; path = FeedLoader.swift; sourceTree = "<group>"; };
		F455FD922C04A5AF005C2E2A /* RemoteFeedLoaderTests.swift */ = {isa = PBXFileReference; lastKnownFileType = sourcecode.swift; path = RemoteFeedLoaderTests.swift; sourceTree = "<group>"; };
		F455FD952C05C30B005C2E2A /* RemoteFeedLoader.swift */ = {isa = PBXFileReference; lastKnownFileType = sourcecode.swift; path = RemoteFeedLoader.swift; sourceTree = "<group>"; };
		F455FDC82C086202005C2E2A /* HTTPClient.swift */ = {isa = PBXFileReference; lastKnownFileType = sourcecode.swift; path = HTTPClient.swift; sourceTree = "<group>"; };
		F455FDCA2C086251005C2E2A /* FeedItemsMapper.swift */ = {isa = PBXFileReference; lastKnownFileType = sourcecode.swift; path = FeedItemsMapper.swift; sourceTree = "<group>"; };
		F455FDD02C0B13B8005C2E2A /* URLSessionHTTPClientTests.swift */ = {isa = PBXFileReference; lastKnownFileType = sourcecode.swift; path = URLSessionHTTPClientTests.swift; sourceTree = "<group>"; };
		F455FDD52C0C6F19005C2E2A /* XCTestCase+MemoryLeakTracking.swift */ = {isa = PBXFileReference; lastKnownFileType = sourcecode.swift; path = "XCTestCase+MemoryLeakTracking.swift"; sourceTree = "<group>"; };
		F455FDD72C0C80D0005C2E2A /* URLSessionHTTPClient.swift */ = {isa = PBXFileReference; lastKnownFileType = sourcecode.swift; path = URLSessionHTTPClient.swift; sourceTree = "<group>"; };
		F455FDDE2C0DB7D5005C2E2A /* EssentialFeed.xctestplan */ = {isa = PBXFileReference; lastKnownFileType = text; path = EssentialFeed.xctestplan; sourceTree = "<group>"; };
		F455FDE32C0DB920005C2E2A /* EssentialFeedAPIEndToEndTests.xctest */ = {isa = PBXFileReference; explicitFileType = wrapper.cfbundle; includeInIndex = 0; path = EssentialFeedAPIEndToEndTests.xctest; sourceTree = BUILT_PRODUCTS_DIR; };
		F455FDE52C0DB920005C2E2A /* EssentialFeedAPIEndToEndTests.swift */ = {isa = PBXFileReference; lastKnownFileType = sourcecode.swift; path = EssentialFeedAPIEndToEndTests.swift; sourceTree = "<group>"; };
		F455FDED2C0DB964005C2E2A /* EssentialFeedAPIEndToEndTests.xctestplan */ = {isa = PBXFileReference; lastKnownFileType = text; path = EssentialFeedAPIEndToEndTests.xctestplan; sourceTree = "<group>"; };
		F455FDEF2C0DC302005C2E2A /* CI.xctestplan */ = {isa = PBXFileReference; lastKnownFileType = text; path = CI.xctestplan; sourceTree = "<group>"; };
		F455FDF12C0DD938005C2E2A /* en */ = {isa = PBXFileReference; lastKnownFileType = net.daringfireball.markdown; name = en; path = en.lproj/README.md; sourceTree = "<group>"; };
/* End PBXFileReference section */

/* Begin PBXFrameworksBuildPhase section */
		F455FD722C047DF7005C2E2A /* Frameworks */ = {
			isa = PBXFrameworksBuildPhase;
			buildActionMask = 2147483647;
			files = (
			);
			runOnlyForDeploymentPostprocessing = 0;
		};
		F455FD7A2C047DF8005C2E2A /* Frameworks */ = {
			isa = PBXFrameworksBuildPhase;
			buildActionMask = 2147483647;
			files = (
				F455FD7E2C047DF8005C2E2A /* EssentialFeed.framework in Frameworks */,
			);
			runOnlyForDeploymentPostprocessing = 0;
		};
		F455FDE02C0DB920005C2E2A /* Frameworks */ = {
			isa = PBXFrameworksBuildPhase;
			buildActionMask = 2147483647;
			files = (
				F455FDE72C0DB920005C2E2A /* EssentialFeed.framework in Frameworks */,
			);
			runOnlyForDeploymentPostprocessing = 0;
		};
/* End PBXFrameworksBuildPhase section */

/* Begin PBXGroup section */
		F455FD6B2C047DF7005C2E2A = {
			isa = PBXGroup;
			children = (
				F455FDF02C0DD938005C2E2A /* README.md */,
				F455FDEF2C0DC302005C2E2A /* CI.xctestplan */,
				F455FD772C047DF7005C2E2A /* EssentialFeed */,
				F455FD812C047DF8005C2E2A /* EssentialFeedTests */,
				F455FDE42C0DB920005C2E2A /* EssentialFeedAPIEndToEndTests */,
				F455FD762C047DF7005C2E2A /* Products */,
			);
			sourceTree = "<group>";
		};
		F455FD762C047DF7005C2E2A /* Products */ = {
			isa = PBXGroup;
			children = (
				F455FD752C047DF7005C2E2A /* EssentialFeed.framework */,
				F455FD7D2C047DF8005C2E2A /* EssentialFeedTests.xctest */,
				F455FDE32C0DB920005C2E2A /* EssentialFeedAPIEndToEndTests.xctest */,
			);
			name = Products;
			sourceTree = "<group>";
		};
		F455FD772C047DF7005C2E2A /* EssentialFeed */ = {
			isa = PBXGroup;
			children = (
				F455FD912C047F8C005C2E2A /* Feed Feature */,
				F455FD942C05C2FE005C2E2A /* Feed API */,
			);
			path = EssentialFeed;
			sourceTree = "<group>";
		};
		F455FD812C047DF8005C2E2A /* EssentialFeedTests */ = {
			isa = PBXGroup;
			children = (
				F455FDDE2C0DB7D5005C2E2A /* EssentialFeed.xctestplan */,
				F455FDCC2C0867AE005C2E2A /* Feed API */,
			);
			path = EssentialFeedTests;
			sourceTree = "<group>";
		};
		F455FD912C047F8C005C2E2A /* Feed Feature */ = {
			isa = PBXGroup;
			children = (
				F455FD8D2C047E07005C2E2A /* FeedItem.swift */,
				F455FD8F2C047EE0005C2E2A /* FeedLoader.swift */,
			);
			path = "Feed Feature";
			sourceTree = "<group>";
		};
		F455FD942C05C2FE005C2E2A /* Feed API */ = {
			isa = PBXGroup;
			children = (
				F455FD952C05C30B005C2E2A /* RemoteFeedLoader.swift */,
				F455FDCA2C086251005C2E2A /* FeedItemsMapper.swift */,
				F455FDC82C086202005C2E2A /* HTTPClient.swift */,
				F455FDD72C0C80D0005C2E2A /* URLSessionHTTPClient.swift */,
			);
			path = "Feed API";
			sourceTree = "<group>";
		};
		F455FDCC2C0867AE005C2E2A /* Feed API */ = {
			isa = PBXGroup;
			children = (
				F455FDD42C0C6F04005C2E2A /* Helpers */,
				F455FD922C04A5AF005C2E2A /* RemoteFeedLoaderTests.swift */,
				F455FDD02C0B13B8005C2E2A /* URLSessionHTTPClientTests.swift */,
			);
			path = "Feed API";
			sourceTree = "<group>";
		};
		F455FDD42C0C6F04005C2E2A /* Helpers */ = {
			isa = PBXGroup;
			children = (
				F455FDD52C0C6F19005C2E2A /* XCTestCase+MemoryLeakTracking.swift */,
			);
			path = Helpers;
			sourceTree = "<group>";
		};
		F455FDE42C0DB920005C2E2A /* EssentialFeedAPIEndToEndTests */ = {
			isa = PBXGroup;
			children = (
				F455FDE52C0DB920005C2E2A /* EssentialFeedAPIEndToEndTests.swift */,
				F455FDED2C0DB964005C2E2A /* EssentialFeedAPIEndToEndTests.xctestplan */,
			);
			path = EssentialFeedAPIEndToEndTests;
			sourceTree = "<group>";
		};
/* End PBXGroup section */

/* Begin PBXHeadersBuildPhase section */
		F455FD702C047DF7005C2E2A /* Headers */ = {
			isa = PBXHeadersBuildPhase;
			buildActionMask = 2147483647;
			files = (
			);
			runOnlyForDeploymentPostprocessing = 0;
		};
/* End PBXHeadersBuildPhase section */

/* Begin PBXNativeTarget section */
		F455FD742C047DF7005C2E2A /* EssentialFeed */ = {
			isa = PBXNativeTarget;
			buildConfigurationList = F455FD872C047DF8005C2E2A /* Build configuration list for PBXNativeTarget "EssentialFeed" */;
			buildPhases = (
				F455FD702C047DF7005C2E2A /* Headers */,
				F455FD712C047DF7005C2E2A /* Sources */,
				F455FD722C047DF7005C2E2A /* Frameworks */,
				F455FD732C047DF7005C2E2A /* Resources */,
			);
			buildRules = (
			);
			dependencies = (
			);
			name = EssentialFeed;
			productName = EssentialFeed;
			productReference = F455FD752C047DF7005C2E2A /* EssentialFeed.framework */;
			productType = "com.apple.product-type.framework";
		};
		F455FD7C2C047DF8005C2E2A /* EssentialFeedTests */ = {
			isa = PBXNativeTarget;
			buildConfigurationList = F455FD8A2C047DF8005C2E2A /* Build configuration list for PBXNativeTarget "EssentialFeedTests" */;
			buildPhases = (
				F455FD792C047DF8005C2E2A /* Sources */,
				F455FD7A2C047DF8005C2E2A /* Frameworks */,
				F455FD7B2C047DF8005C2E2A /* Resources */,
			);
			buildRules = (
			);
			dependencies = (
				F455FD802C047DF8005C2E2A /* PBXTargetDependency */,
			);
			name = EssentialFeedTests;
			productName = EssentialFeedTests;
			productReference = F455FD7D2C047DF8005C2E2A /* EssentialFeedTests.xctest */;
			productType = "com.apple.product-type.bundle.unit-test";
		};
		F455FDE22C0DB920005C2E2A /* EssentialFeedAPIEndToEndTests */ = {
			isa = PBXNativeTarget;
			buildConfigurationList = F455FDEA2C0DB920005C2E2A /* Build configuration list for PBXNativeTarget "EssentialFeedAPIEndToEndTests" */;
			buildPhases = (
				F455FDDF2C0DB920005C2E2A /* Sources */,
				F455FDE02C0DB920005C2E2A /* Frameworks */,
				F455FDE12C0DB920005C2E2A /* Resources */,
			);
			buildRules = (
			);
			dependencies = (
				F455FDE92C0DB920005C2E2A /* PBXTargetDependency */,
			);
			name = EssentialFeedAPIEndToEndTests;
			productName = EssentialFeedAPIEndToEndTests;
			productReference = F455FDE32C0DB920005C2E2A /* EssentialFeedAPIEndToEndTests.xctest */;
			productType = "com.apple.product-type.bundle.unit-test";
		};
/* End PBXNativeTarget section */

/* Begin PBXProject section */
		F455FD6C2C047DF7005C2E2A /* Project object */ = {
			isa = PBXProject;
			attributes = {
				BuildIndependentTargetsInParallel = 1;
				LastSwiftUpdateCheck = 1540;
				LastUpgradeCheck = 1540;
				TargetAttributes = {
					F455FD742C047DF7005C2E2A = {
						CreatedOnToolsVersion = 15.4;
						LastSwiftMigration = 1540;
					};
					F455FD7C2C047DF8005C2E2A = {
						CreatedOnToolsVersion = 15.4;
						LastSwiftMigration = 1540;
					};
					F455FDE22C0DB920005C2E2A = {
						CreatedOnToolsVersion = 15.4;
					};
				};
			};
			buildConfigurationList = F455FD6F2C047DF7005C2E2A /* Build configuration list for PBXProject "EssentialFeed" */;
			compatibilityVersion = "Xcode 14.0";
			developmentRegion = en;
			hasScannedForEncodings = 0;
			knownRegions = (
				en,
				Base,
			);
			mainGroup = F455FD6B2C047DF7005C2E2A;
			productRefGroup = F455FD762C047DF7005C2E2A /* Products */;
			projectDirPath = "";
			projectRoot = "";
			targets = (
				F455FD742C047DF7005C2E2A /* EssentialFeed */,
				F455FD7C2C047DF8005C2E2A /* EssentialFeedTests */,
				F455FDE22C0DB920005C2E2A /* EssentialFeedAPIEndToEndTests */,
			);
		};
/* End PBXProject section */

/* Begin PBXResourcesBuildPhase section */
		F455FD732C047DF7005C2E2A /* Resources */ = {
			isa = PBXResourcesBuildPhase;
			buildActionMask = 2147483647;
			files = (
			);
			runOnlyForDeploymentPostprocessing = 0;
		};
		F455FD7B2C047DF8005C2E2A /* Resources */ = {
			isa = PBXResourcesBuildPhase;
			buildActionMask = 2147483647;
			files = (
			);
			runOnlyForDeploymentPostprocessing = 0;
		};
		F455FDE12C0DB920005C2E2A /* Resources */ = {
			isa = PBXResourcesBuildPhase;
			buildActionMask = 2147483647;
			files = (
			);
			runOnlyForDeploymentPostprocessing = 0;
		};
/* End PBXResourcesBuildPhase section */

/* Begin PBXSourcesBuildPhase section */
		F455FD712C047DF7005C2E2A /* Sources */ = {
			isa = PBXSourcesBuildPhase;
			buildActionMask = 2147483647;
			files = (
				F455FDCB2C086251005C2E2A /* FeedItemsMapper.swift in Sources */,
				F455FD902C047EE0005C2E2A /* FeedLoader.swift in Sources */,
				F455FD962C05C30B005C2E2A /* RemoteFeedLoader.swift in Sources */,
				F455FDC92C086202005C2E2A /* HTTPClient.swift in Sources */,
				F455FD8E2C047E07005C2E2A /* FeedItem.swift in Sources */,
				F455FDD82C0C80D0005C2E2A /* URLSessionHTTPClient.swift in Sources */,
			);
			runOnlyForDeploymentPostprocessing = 0;
		};
		F455FD792C047DF8005C2E2A /* Sources */ = {
			isa = PBXSourcesBuildPhase;
			buildActionMask = 2147483647;
			files = (
				F455FD932C04A5AF005C2E2A /* RemoteFeedLoaderTests.swift in Sources */,
				F455FDD12C0B13B8005C2E2A /* URLSessionHTTPClientTests.swift in Sources */,
				F455FDD62C0C6F19005C2E2A /* XCTestCase+MemoryLeakTracking.swift in Sources */,
			);
			runOnlyForDeploymentPostprocessing = 0;
		};
		F455FDDF2C0DB920005C2E2A /* Sources */ = {
			isa = PBXSourcesBuildPhase;
			buildActionMask = 2147483647;
			files = (
				F455FDE62C0DB920005C2E2A /* EssentialFeedAPIEndToEndTests.swift in Sources */,
				F455FDEE2C0DC265005C2E2A /* XCTestCase+MemoryLeakTracking.swift in Sources */,
			);
			runOnlyForDeploymentPostprocessing = 0;
		};
/* End PBXSourcesBuildPhase section */

/* Begin PBXTargetDependency section */
		F455FD802C047DF8005C2E2A /* PBXTargetDependency */ = {
			isa = PBXTargetDependency;
			target = F455FD742C047DF7005C2E2A /* EssentialFeed */;
			targetProxy = F455FD7F2C047DF8005C2E2A /* PBXContainerItemProxy */;
		};
		F455FDE92C0DB920005C2E2A /* PBXTargetDependency */ = {
			isa = PBXTargetDependency;
			target = F455FD742C047DF7005C2E2A /* EssentialFeed */;
			targetProxy = F455FDE82C0DB920005C2E2A /* PBXContainerItemProxy */;
		};
/* End PBXTargetDependency section */

/* Begin PBXVariantGroup section */
		F455FDF02C0DD938005C2E2A /* README.md */ = {
			isa = PBXVariantGroup;
			children = (
				F455FDF12C0DD938005C2E2A /* en */,
			);
			name = README.md;
			sourceTree = "<group>";
		};
/* End PBXVariantGroup section */

/* Begin XCBuildConfiguration section */
		F455FD852C047DF8005C2E2A /* Debug */ = {
			isa = XCBuildConfiguration;
			buildSettings = {
				ALWAYS_SEARCH_USER_PATHS = NO;
				ASSETCATALOG_COMPILER_GENERATE_SWIFT_ASSET_SYMBOL_EXTENSIONS = YES;
				CLANG_ANALYZER_NONNULL = YES;
				CLANG_ANALYZER_NUMBER_OBJECT_CONVERSION = YES_AGGRESSIVE;
				CLANG_CXX_LANGUAGE_STANDARD = "gnu++20";
				CLANG_ENABLE_MODULES = YES;
				CLANG_ENABLE_OBJC_ARC = YES;
				CLANG_ENABLE_OBJC_WEAK = YES;
				CLANG_WARN_BLOCK_CAPTURE_AUTORELEASING = YES;
				CLANG_WARN_BOOL_CONVERSION = YES;
				CLANG_WARN_COMMA = YES;
				CLANG_WARN_CONSTANT_CONVERSION = YES;
				CLANG_WARN_DEPRECATED_OBJC_IMPLEMENTATIONS = YES;
				CLANG_WARN_DIRECT_OBJC_ISA_USAGE = YES_ERROR;
				CLANG_WARN_DOCUMENTATION_COMMENTS = YES;
				CLANG_WARN_EMPTY_BODY = YES;
				CLANG_WARN_ENUM_CONVERSION = YES;
				CLANG_WARN_INFINITE_RECURSION = YES;
				CLANG_WARN_INT_CONVERSION = YES;
				CLANG_WARN_NON_LITERAL_NULL_CONVERSION = YES;
				CLANG_WARN_OBJC_IMPLICIT_RETAIN_SELF = YES;
				CLANG_WARN_OBJC_LITERAL_CONVERSION = YES;
				CLANG_WARN_OBJC_ROOT_CLASS = YES_ERROR;
				CLANG_WARN_QUOTED_INCLUDE_IN_FRAMEWORK_HEADER = YES;
				CLANG_WARN_RANGE_LOOP_ANALYSIS = YES;
				CLANG_WARN_STRICT_PROTOTYPES = YES;
				CLANG_WARN_SUSPICIOUS_MOVE = YES;
				CLANG_WARN_UNGUARDED_AVAILABILITY = YES_AGGRESSIVE;
				CLANG_WARN_UNREACHABLE_CODE = YES;
				CLANG_WARN__DUPLICATE_METHOD_MATCH = YES;
				COPY_PHASE_STRIP = NO;
				CURRENT_PROJECT_VERSION = 1;
				DEBUG_INFORMATION_FORMAT = dwarf;
				ENABLE_STRICT_OBJC_MSGSEND = YES;
				ENABLE_TESTABILITY = YES;
				ENABLE_USER_SCRIPT_SANDBOXING = YES;
				GCC_C_LANGUAGE_STANDARD = gnu17;
				GCC_DYNAMIC_NO_PIC = NO;
				GCC_NO_COMMON_BLOCKS = YES;
				GCC_OPTIMIZATION_LEVEL = 0;
				GCC_PREPROCESSOR_DEFINITIONS = (
					"DEBUG=1",
					"$(inherited)",
				);
				GCC_WARN_64_TO_32_BIT_CONVERSION = YES;
				GCC_WARN_ABOUT_RETURN_TYPE = YES_ERROR;
				GCC_WARN_UNDECLARED_SELECTOR = YES;
				GCC_WARN_UNINITIALIZED_AUTOS = YES_AGGRESSIVE;
				GCC_WARN_UNUSED_FUNCTION = YES;
				GCC_WARN_UNUSED_VARIABLE = YES;
				LOCALIZATION_PREFERS_STRING_CATALOGS = YES;
				MACOSX_DEPLOYMENT_TARGET = 14.5;
				MTL_ENABLE_DEBUG_INFO = INCLUDE_SOURCE;
				MTL_FAST_MATH = YES;
				ONLY_ACTIVE_ARCH = YES;
				SDKROOT = macosx;
				SWIFT_ACTIVE_COMPILATION_CONDITIONS = "DEBUG $(inherited)";
				SWIFT_OPTIMIZATION_LEVEL = "-Onone";
				VERSIONING_SYSTEM = "apple-generic";
				VERSION_INFO_PREFIX = "";
			};
			name = Debug;
		};
		F455FD862C047DF8005C2E2A /* Release */ = {
			isa = XCBuildConfiguration;
			buildSettings = {
				ALWAYS_SEARCH_USER_PATHS = NO;
				ASSETCATALOG_COMPILER_GENERATE_SWIFT_ASSET_SYMBOL_EXTENSIONS = YES;
				CLANG_ANALYZER_NONNULL = YES;
				CLANG_ANALYZER_NUMBER_OBJECT_CONVERSION = YES_AGGRESSIVE;
				CLANG_CXX_LANGUAGE_STANDARD = "gnu++20";
				CLANG_ENABLE_MODULES = YES;
				CLANG_ENABLE_OBJC_ARC = YES;
				CLANG_ENABLE_OBJC_WEAK = YES;
				CLANG_WARN_BLOCK_CAPTURE_AUTORELEASING = YES;
				CLANG_WARN_BOOL_CONVERSION = YES;
				CLANG_WARN_COMMA = YES;
				CLANG_WARN_CONSTANT_CONVERSION = YES;
				CLANG_WARN_DEPRECATED_OBJC_IMPLEMENTATIONS = YES;
				CLANG_WARN_DIRECT_OBJC_ISA_USAGE = YES_ERROR;
				CLANG_WARN_DOCUMENTATION_COMMENTS = YES;
				CLANG_WARN_EMPTY_BODY = YES;
				CLANG_WARN_ENUM_CONVERSION = YES;
				CLANG_WARN_INFINITE_RECURSION = YES;
				CLANG_WARN_INT_CONVERSION = YES;
				CLANG_WARN_NON_LITERAL_NULL_CONVERSION = YES;
				CLANG_WARN_OBJC_IMPLICIT_RETAIN_SELF = YES;
				CLANG_WARN_OBJC_LITERAL_CONVERSION = YES;
				CLANG_WARN_OBJC_ROOT_CLASS = YES_ERROR;
				CLANG_WARN_QUOTED_INCLUDE_IN_FRAMEWORK_HEADER = YES;
				CLANG_WARN_RANGE_LOOP_ANALYSIS = YES;
				CLANG_WARN_STRICT_PROTOTYPES = YES;
				CLANG_WARN_SUSPICIOUS_MOVE = YES;
				CLANG_WARN_UNGUARDED_AVAILABILITY = YES_AGGRESSIVE;
				CLANG_WARN_UNREACHABLE_CODE = YES;
				CLANG_WARN__DUPLICATE_METHOD_MATCH = YES;
				COPY_PHASE_STRIP = NO;
				CURRENT_PROJECT_VERSION = 1;
				DEBUG_INFORMATION_FORMAT = "dwarf-with-dsym";
				ENABLE_NS_ASSERTIONS = NO;
				ENABLE_STRICT_OBJC_MSGSEND = YES;
				ENABLE_USER_SCRIPT_SANDBOXING = YES;
				GCC_C_LANGUAGE_STANDARD = gnu17;
				GCC_NO_COMMON_BLOCKS = YES;
				GCC_WARN_64_TO_32_BIT_CONVERSION = YES;
				GCC_WARN_ABOUT_RETURN_TYPE = YES_ERROR;
				GCC_WARN_UNDECLARED_SELECTOR = YES;
				GCC_WARN_UNINITIALIZED_AUTOS = YES_AGGRESSIVE;
				GCC_WARN_UNUSED_FUNCTION = YES;
				GCC_WARN_UNUSED_VARIABLE = YES;
				LOCALIZATION_PREFERS_STRING_CATALOGS = YES;
				MACOSX_DEPLOYMENT_TARGET = 14.5;
				MTL_ENABLE_DEBUG_INFO = NO;
				MTL_FAST_MATH = YES;
				SDKROOT = macosx;
				SWIFT_COMPILATION_MODE = wholemodule;
				VERSIONING_SYSTEM = "apple-generic";
				VERSION_INFO_PREFIX = "";
			};
			name = Release;
		};
		F455FD882C047DF8005C2E2A /* Debug */ = {
			isa = XCBuildConfiguration;
			buildSettings = {
				BUILD_LIBRARY_FOR_DISTRIBUTION = YES;
				CLANG_ENABLE_MODULES = YES;
				CODE_SIGN_STYLE = Automatic;
				COMBINE_HIDPI_IMAGES = YES;
				CURRENT_PROJECT_VERSION = 1;
				DEFINES_MODULE = NO;
				DEVELOPMENT_TEAM = SC3D86JVL3;
				DYLIB_COMPATIBILITY_VERSION = 1;
				DYLIB_CURRENT_VERSION = 1;
				DYLIB_INSTALL_NAME_BASE = "@rpath";
				ENABLE_MODULE_VERIFIER = YES;
				GENERATE_INFOPLIST_FILE = YES;
				INFOPLIST_KEY_NSHumanReadableCopyright = "";
				INSTALL_PATH = "$(LOCAL_LIBRARY_DIR)/Frameworks";
				LD_RUNPATH_SEARCH_PATHS = (
					"$(inherited)",
					"@executable_path/../Frameworks",
					"@loader_path/Frameworks",
				);
				MARKETING_VERSION = 1.0;
				MODULE_VERIFIER_SUPPORTED_LANGUAGES = "objective-c objective-c++";
				MODULE_VERIFIER_SUPPORTED_LANGUAGE_STANDARDS = "gnu17 gnu++20";
				PRODUCT_BUNDLE_IDENTIFIER = com.afsal.EssentialFeed.EssentialFeed;
				PRODUCT_NAME = "$(TARGET_NAME:c99extidentifier)";
				SKIP_INSTALL = YES;
				SWIFT_EMIT_LOC_STRINGS = YES;
				SWIFT_INSTALL_OBJC_HEADER = NO;
				SWIFT_OPTIMIZATION_LEVEL = "-Onone";
				SWIFT_VERSION = 5.0;
			};
			name = Debug;
		};
		F455FD892C047DF8005C2E2A /* Release */ = {
			isa = XCBuildConfiguration;
			buildSettings = {
				BUILD_LIBRARY_FOR_DISTRIBUTION = YES;
				CLANG_ENABLE_MODULES = YES;
				CODE_SIGN_STYLE = Automatic;
				COMBINE_HIDPI_IMAGES = YES;
				CURRENT_PROJECT_VERSION = 1;
				DEFINES_MODULE = NO;
				DEVELOPMENT_TEAM = SC3D86JVL3;
				DYLIB_COMPATIBILITY_VERSION = 1;
				DYLIB_CURRENT_VERSION = 1;
				DYLIB_INSTALL_NAME_BASE = "@rpath";
				ENABLE_MODULE_VERIFIER = YES;
				GENERATE_INFOPLIST_FILE = YES;
				INFOPLIST_KEY_NSHumanReadableCopyright = "";
				INSTALL_PATH = "$(LOCAL_LIBRARY_DIR)/Frameworks";
				LD_RUNPATH_SEARCH_PATHS = (
					"$(inherited)",
					"@executable_path/../Frameworks",
					"@loader_path/Frameworks",
				);
				MARKETING_VERSION = 1.0;
				MODULE_VERIFIER_SUPPORTED_LANGUAGES = "objective-c objective-c++";
				MODULE_VERIFIER_SUPPORTED_LANGUAGE_STANDARDS = "gnu17 gnu++20";
				PRODUCT_BUNDLE_IDENTIFIER = com.afsal.EssentialFeed.EssentialFeed;
				PRODUCT_NAME = "$(TARGET_NAME:c99extidentifier)";
				SKIP_INSTALL = YES;
				SWIFT_EMIT_LOC_STRINGS = YES;
				SWIFT_INSTALL_OBJC_HEADER = NO;
				SWIFT_VERSION = 5.0;
			};
			name = Release;
		};
		F455FD8B2C047DF8005C2E2A /* Debug */ = {
			isa = XCBuildConfiguration;
			buildSettings = {
				ALWAYS_EMBED_SWIFT_STANDARD_LIBRARIES = YES;
				CLANG_ENABLE_MODULES = YES;
				CODE_SIGN_STYLE = Automatic;
				CURRENT_PROJECT_VERSION = 1;
				DEVELOPMENT_TEAM = SC3D86JVL3;
				GENERATE_INFOPLIST_FILE = YES;
				MARKETING_VERSION = 1.0;
				PRODUCT_BUNDLE_IDENTIFIER = com.afsal.EssentialFeed.EssentialFeedTests;
				PRODUCT_NAME = "$(TARGET_NAME)";
				SWIFT_EMIT_LOC_STRINGS = NO;
				SWIFT_OPTIMIZATION_LEVEL = "-Onone";
				SWIFT_VERSION = 5.0;
			};
			name = Debug;
		};
		F455FD8C2C047DF8005C2E2A /* Release */ = {
			isa = XCBuildConfiguration;
			buildSettings = {
				ALWAYS_EMBED_SWIFT_STANDARD_LIBRARIES = YES;
				CLANG_ENABLE_MODULES = YES;
				CODE_SIGN_STYLE = Automatic;
				CURRENT_PROJECT_VERSION = 1;
				DEVELOPMENT_TEAM = SC3D86JVL3;
				GENERATE_INFOPLIST_FILE = YES;
				MARKETING_VERSION = 1.0;
				PRODUCT_BUNDLE_IDENTIFIER = com.afsal.EssentialFeed.EssentialFeedTests;
				PRODUCT_NAME = "$(TARGET_NAME)";
				SWIFT_EMIT_LOC_STRINGS = NO;
				SWIFT_VERSION = 5.0;
			};
			name = Release;
		};
		F455FDEB2C0DB920005C2E2A /* Debug */ = {
			isa = XCBuildConfiguration;
			buildSettings = {
				CODE_SIGN_STYLE = Automatic;
				CURRENT_PROJECT_VERSION = 1;
				DEVELOPMENT_TEAM = SC3D86JVL3;
				GENERATE_INFOPLIST_FILE = YES;
				MARKETING_VERSION = 1.0;
				PRODUCT_BUNDLE_IDENTIFIER = com.afsal.Articles.EssentialFeedAPIEndToEndTests;
				PRODUCT_NAME = "$(TARGET_NAME)";
				SWIFT_EMIT_LOC_STRINGS = NO;
				SWIFT_VERSION = 5.0;
			};
			name = Debug;
		};
		F455FDEC2C0DB920005C2E2A /* Release */ = {
			isa = XCBuildConfiguration;
			buildSettings = {
				CODE_SIGN_STYLE = Automatic;
				CURRENT_PROJECT_VERSION = 1;
				DEVELOPMENT_TEAM = SC3D86JVL3;
				GENERATE_INFOPLIST_FILE = YES;
				MARKETING_VERSION = 1.0;
				PRODUCT_BUNDLE_IDENTIFIER = com.afsal.Articles.EssentialFeedAPIEndToEndTests;
				PRODUCT_NAME = "$(TARGET_NAME)";
				SWIFT_EMIT_LOC_STRINGS = NO;
				SWIFT_VERSION = 5.0;
			};
			name = Release;
		};
/* End XCBuildConfiguration section */

/* Begin XCConfigurationList section */
		F455FD6F2C047DF7005C2E2A /* Build configuration list for PBXProject "EssentialFeed" */ = {
			isa = XCConfigurationList;
			buildConfigurations = (
				F455FD852C047DF8005C2E2A /* Debug */,
				F455FD862C047DF8005C2E2A /* Release */,
			);
			defaultConfigurationIsVisible = 0;
			defaultConfigurationName = Release;
		};
		F455FD872C047DF8005C2E2A /* Build configuration list for PBXNativeTarget "EssentialFeed" */ = {
			isa = XCConfigurationList;
			buildConfigurations = (
				F455FD882C047DF8005C2E2A /* Debug */,
				F455FD892C047DF8005C2E2A /* Release */,
			);
			defaultConfigurationIsVisible = 0;
			defaultConfigurationName = Release;
		};
		F455FD8A2C047DF8005C2E2A /* Build configuration list for PBXNativeTarget "EssentialFeedTests" */ = {
			isa = XCConfigurationList;
			buildConfigurations = (
				F455FD8B2C047DF8005C2E2A /* Debug */,
				F455FD8C2C047DF8005C2E2A /* Release */,
			);
			defaultConfigurationIsVisible = 0;
			defaultConfigurationName = Release;
		};
		F455FDEA2C0DB920005C2E2A /* Build configuration list for PBXNativeTarget "EssentialFeedAPIEndToEndTests" */ = {
			isa = XCConfigurationList;
			buildConfigurations = (
				F455FDEB2C0DB920005C2E2A /* Debug */,
				F455FDEC2C0DB920005C2E2A /* Release */,
			);
			defaultConfigurationIsVisible = 0;
			defaultConfigurationName = Release;
		};
/* End XCConfigurationList section */
	};
	rootObject = F455FD6C2C047DF7005C2E2A /* Project object */;
}
