// !$*UTF8*$!
{
	archiveVersion = 1;
	classes = {
	};
	objectVersion = 56;
	objects = {

/* Begin PBXBuildFile section */
		F40058332C57A47C0059B6EA /* SceneDelegateTests.swift in Sources */ = {isa = PBXBuildFile; fileRef = F40058322C57A47C0059B6EA /* SceneDelegateTests.swift */; };
		F400583A2C57A4CB0059B6EA /* FeedPresentationAdapter.swift in Sources */ = {isa = PBXBuildFile; fileRef = F40058392C57A4CB0059B6EA /* FeedPresentationAdapter.swift */; };
		F400583B2C57A4CB0059B6EA /* WeakRefVirtualProxy.swift in Sources */ = {isa = PBXBuildFile; fileRef = F40058362C57A4CB0059B6EA /* WeakRefVirtualProxy.swift */; };
		F400583C2C57A4CB0059B6EA /* FeedUIComposer.swift in Sources */ = {isa = PBXBuildFile; fileRef = F40058382C57A4CB0059B6EA /* FeedUIComposer.swift */; };
		F400583D2C57A4CB0059B6EA /* FeedViewAdapter.swift in Sources */ = {isa = PBXBuildFile; fileRef = F40058372C57A4CB0059B6EA /* FeedViewAdapter.swift */; };
		F400583E2C57A4CB0059B6EA /* MainQueueDispatchDecorator.swift in Sources */ = {isa = PBXBuildFile; fileRef = F40058352C57A4CA0059B6EA /* MainQueueDispatchDecorator.swift */; };
		F400583F2C57A4CB0059B6EA /* FeedImagePresentationAdapter.swift in Sources */ = {isa = PBXBuildFile; fileRef = F40058342C57A4CA0059B6EA /* FeedImagePresentationAdapter.swift */; };
		F40058492C57A4ED0059B6EA /* UIImage+TestHelpers.swift in Sources */ = {isa = PBXBuildFile; fileRef = F40058402C57A4EC0059B6EA /* UIImage+TestHelpers.swift */; };
		F400584A2C57A4ED0059B6EA /* FeedImageCell+TestHelpers.swift in Sources */ = {isa = PBXBuildFile; fileRef = F40058442C57A4EC0059B6EA /* FeedImageCell+TestHelpers.swift */; };
		F400584B2C57A4ED0059B6EA /* UIButton+TestHelpers.swift in Sources */ = {isa = PBXBuildFile; fileRef = F40058412C57A4EC0059B6EA /* UIButton+TestHelpers.swift */; };
		F400584C2C57A4ED0059B6EA /* FeedViewControllerTests+Localization.swift in Sources */ = {isa = PBXBuildFile; fileRef = F40058452C57A4EC0059B6EA /* FeedViewControllerTests+Localization.swift */; };
		F400584D2C57A4ED0059B6EA /* FeedViewControllerTests+LoaderSpy.swift in Sources */ = {isa = PBXBuildFile; fileRef = F40058472C57A4ED0059B6EA /* FeedViewControllerTests+LoaderSpy.swift */; };
		F400584E2C57A4ED0059B6EA /* UIRefreshControl+TestHelpers.swift in Sources */ = {isa = PBXBuildFile; fileRef = F40058422C57A4EC0059B6EA /* UIRefreshControl+TestHelpers.swift */; };
		F400584F2C57A4ED0059B6EA /* FeedUIIntegrationTests+Assertions.swift in Sources */ = {isa = PBXBuildFile; fileRef = F40058462C57A4ED0059B6EA /* FeedUIIntegrationTests+Assertions.swift */; };
		F40058502C57A4ED0059B6EA /* UIControl+TestHelpers.swift in Sources */ = {isa = PBXBuildFile; fileRef = F40058482C57A4ED0059B6EA /* UIControl+TestHelpers.swift */; };
		F40058512C57A4ED0059B6EA /* FeedViewController+TestHelpers.swift in Sources */ = {isa = PBXBuildFile; fileRef = F40058432C57A4EC0059B6EA /* FeedViewController+TestHelpers.swift */; };
		F40058532C57A82A0059B6EA /* FeedUIIntegrationTests.swift in Sources */ = {isa = PBXBuildFile; fileRef = F40058522C57A82A0059B6EA /* FeedUIIntegrationTests.swift */; };
		F40058552C57A9690059B6EA /* FeedAcceptanceTests.swift in Sources */ = {isa = PBXBuildFile; fileRef = F40058542C57A9690059B6EA /* FeedAcceptanceTests.swift */; };
		F41C84ED2C3E98BB00CAAC84 /* AppDelegate.swift in Sources */ = {isa = PBXBuildFile; fileRef = F41C84EC2C3E98BB00CAAC84 /* AppDelegate.swift */; };
		F41C84EF2C3E98BB00CAAC84 /* SceneDelegate.swift in Sources */ = {isa = PBXBuildFile; fileRef = F41C84EE2C3E98BB00CAAC84 /* SceneDelegate.swift */; };
		F41C84F62C3E98BE00CAAC84 /* Assets.xcassets in Resources */ = {isa = PBXBuildFile; fileRef = F41C84F52C3E98BE00CAAC84 /* Assets.xcassets */; };
		F41C84F92C3E98BE00CAAC84 /* Base in Resources */ = {isa = PBXBuildFile; fileRef = F41C84F82C3E98BE00CAAC84 /* Base */; };
		F41C851F2C3E9A6600CAAC84 /* EssentialFeed.framework in Frameworks */ = {isa = PBXBuildFile; fileRef = F41C851D2C3E9A6600CAAC84 /* EssentialFeed.framework */; };
		F41C85202C3E9A6600CAAC84 /* EssentialFeed.framework in Embed Frameworks */ = {isa = PBXBuildFile; fileRef = F41C851D2C3E9A6600CAAC84 /* EssentialFeed.framework */; settings = {ATTRIBUTES = (CodeSignOnCopy, RemoveHeadersOnCopy, ); }; };
		F41C85212C3E9A6600CAAC84 /* EssentialFeediOS.framework in Frameworks */ = {isa = PBXBuildFile; fileRef = F41C851E2C3E9A6600CAAC84 /* EssentialFeediOS.framework */; };
		F41C85222C3E9A6600CAAC84 /* EssentialFeediOS.framework in Embed Frameworks */ = {isa = PBXBuildFile; fileRef = F41C851E2C3E9A6600CAAC84 /* EssentialFeediOS.framework */; settings = {ATTRIBUTES = (CodeSignOnCopy, RemoveHeadersOnCopy, ); }; };
		F42190D62C3FE63600DC910A /* FeedImageDataLoaderFallbackCompositeTests.swift in Sources */ = {isa = PBXBuildFile; fileRef = F42190D52C3FE63600DC910A /* FeedImageDataLoaderFallbackCompositeTests.swift */; };
		F42190D82C3FF55300DC910A /* FeedImageDataLoaderWithFallbackComposite.swift in Sources */ = {isa = PBXBuildFile; fileRef = F42190D72C3FF55300DC910A /* FeedImageDataLoaderWithFallbackComposite.swift */; };
		F42190DB2C3FF5B600DC910A /* XCTestCase+MemoryLeakTracking.swift in Sources */ = {isa = PBXBuildFile; fileRef = F42190DA2C3FF5B600DC910A /* XCTestCase+MemoryLeakTracking.swift */; };
		F42190DD2C3FF60000DC910A /* SharedTestHelpers.swift in Sources */ = {isa = PBXBuildFile; fileRef = F42190DC2C3FF60000DC910A /* SharedTestHelpers.swift */; };
		F44344652C45286C00FD8CCE /* FeedLoaderStub.swift in Sources */ = {isa = PBXBuildFile; fileRef = F44344642C45286C00FD8CCE /* FeedLoaderStub.swift */; };
		F44344672C45291F00FD8CCE /* XCTestCase+FeedLoader.swift in Sources */ = {isa = PBXBuildFile; fileRef = F44344662C45291F00FD8CCE /* XCTestCase+FeedLoader.swift */; };
		F443446D2C45312100FD8CCE /* FeedImageDataLoaderCacheDecoratorTests.swift in Sources */ = {isa = PBXBuildFile; fileRef = F443446C2C45312100FD8CCE /* FeedImageDataLoaderCacheDecoratorTests.swift */; };
		F443446F2C45316100FD8CCE /* FeedImageDataLoaderSpy.swift in Sources */ = {isa = PBXBuildFile; fileRef = F443446E2C45316100FD8CCE /* FeedImageDataLoaderSpy.swift */; };
		F44344712C4531CB00FD8CCE /* XCTestCase+FeedImageDataLoader.swift in Sources */ = {isa = PBXBuildFile; fileRef = F44344702C4531CB00FD8CCE /* XCTestCase+FeedImageDataLoader.swift */; };
		F44344752C4535E500FD8CCE /* FeedImageDataLoaderCacheDecorator.swift in Sources */ = {isa = PBXBuildFile; fileRef = F44344742C4535E500FD8CCE /* FeedImageDataLoaderCacheDecorator.swift */; };
		F44D02502C5A44970013FF0D /* UIView+TestHelpers.swift in Sources */ = {isa = PBXBuildFile; fileRef = F44D024F2C5A44970013FF0D /* UIView+TestHelpers.swift */; };
		F4FB9A142C57C30E0055B230 /* HTTPClientStub.swift in Sources */ = {isa = PBXBuildFile; fileRef = F4FB9A132C57C30E0055B230 /* HTTPClientStub.swift */; };
		F4FB9A162C57C33C0055B230 /* InMemoryFeedStore.swift in Sources */ = {isa = PBXBuildFile; fileRef = F4FB9A152C57C33C0055B230 /* InMemoryFeedStore.swift */; };
/* End PBXBuildFile section */

/* Begin PBXContainerItemProxy section */
		F42190CD2C3FD3DF00DC910A /* PBXContainerItemProxy */ = {
			isa = PBXContainerItemProxy;
			containerPortal = F41C84E12C3E98BB00CAAC84 /* Project object */;
			proxyType = 1;
			remoteGlobalIDString = F41C84E82C3E98BB00CAAC84;
			remoteInfo = EssentialApp;
		};
/* End PBXContainerItemProxy section */

/* Begin PBXCopyFilesBuildPhase section */
		F41C85232C3E9A6600CAAC84 /* Embed Frameworks */ = {
			isa = PBXCopyFilesBuildPhase;
			buildActionMask = 2147483647;
			dstPath = "";
			dstSubfolderSpec = 10;
			files = (
				F41C85202C3E9A6600CAAC84 /* EssentialFeed.framework in Embed Frameworks */,
				F41C85222C3E9A6600CAAC84 /* EssentialFeediOS.framework in Embed Frameworks */,
			);
			name = "Embed Frameworks";
			runOnlyForDeploymentPostprocessing = 0;
		};
/* End PBXCopyFilesBuildPhase section */

/* Begin PBXFileReference section */
		F40058322C57A47C0059B6EA /* SceneDelegateTests.swift */ = {isa = PBXFileReference; lastKnownFileType = sourcecode.swift; path = SceneDelegateTests.swift; sourceTree = "<group>"; };
		F40058342C57A4CA0059B6EA /* FeedImagePresentationAdapter.swift */ = {isa = PBXFileReference; lastKnownFileType = sourcecode.swift; path = FeedImagePresentationAdapter.swift; sourceTree = "<group>"; };
		F40058352C57A4CA0059B6EA /* MainQueueDispatchDecorator.swift */ = {isa = PBXFileReference; lastKnownFileType = sourcecode.swift; path = MainQueueDispatchDecorator.swift; sourceTree = "<group>"; };
		F40058362C57A4CB0059B6EA /* WeakRefVirtualProxy.swift */ = {isa = PBXFileReference; lastKnownFileType = sourcecode.swift; path = WeakRefVirtualProxy.swift; sourceTree = "<group>"; };
		F40058372C57A4CB0059B6EA /* FeedViewAdapter.swift */ = {isa = PBXFileReference; lastKnownFileType = sourcecode.swift; path = FeedViewAdapter.swift; sourceTree = "<group>"; };
		F40058382C57A4CB0059B6EA /* FeedUIComposer.swift */ = {isa = PBXFileReference; lastKnownFileType = sourcecode.swift; path = FeedUIComposer.swift; sourceTree = "<group>"; };
		F40058392C57A4CB0059B6EA /* FeedPresentationAdapter.swift */ = {isa = PBXFileReference; lastKnownFileType = sourcecode.swift; path = FeedPresentationAdapter.swift; sourceTree = "<group>"; };
		F40058402C57A4EC0059B6EA /* UIImage+TestHelpers.swift */ = {isa = PBXFileReference; lastKnownFileType = sourcecode.swift; path = "UIImage+TestHelpers.swift"; sourceTree = "<group>"; };
		F40058412C57A4EC0059B6EA /* UIButton+TestHelpers.swift */ = {isa = PBXFileReference; lastKnownFileType = sourcecode.swift; path = "UIButton+TestHelpers.swift"; sourceTree = "<group>"; };
		F40058422C57A4EC0059B6EA /* UIRefreshControl+TestHelpers.swift */ = {isa = PBXFileReference; lastKnownFileType = sourcecode.swift; path = "UIRefreshControl+TestHelpers.swift"; sourceTree = "<group>"; };
		F40058432C57A4EC0059B6EA /* FeedViewController+TestHelpers.swift */ = {isa = PBXFileReference; lastKnownFileType = sourcecode.swift; path = "FeedViewController+TestHelpers.swift"; sourceTree = "<group>"; };
		F40058442C57A4EC0059B6EA /* FeedImageCell+TestHelpers.swift */ = {isa = PBXFileReference; lastKnownFileType = sourcecode.swift; path = "FeedImageCell+TestHelpers.swift"; sourceTree = "<group>"; };
		F40058452C57A4EC0059B6EA /* FeedViewControllerTests+Localization.swift */ = {isa = PBXFileReference; lastKnownFileType = sourcecode.swift; path = "FeedViewControllerTests+Localization.swift"; sourceTree = "<group>"; };
		F40058462C57A4ED0059B6EA /* FeedUIIntegrationTests+Assertions.swift */ = {isa = PBXFileReference; lastKnownFileType = sourcecode.swift; path = "FeedUIIntegrationTests+Assertions.swift"; sourceTree = "<group>"; };
		F40058472C57A4ED0059B6EA /* FeedViewControllerTests+LoaderSpy.swift */ = {isa = PBXFileReference; lastKnownFileType = sourcecode.swift; path = "FeedViewControllerTests+LoaderSpy.swift"; sourceTree = "<group>"; };
		F40058482C57A4ED0059B6EA /* UIControl+TestHelpers.swift */ = {isa = PBXFileReference; lastKnownFileType = sourcecode.swift; path = "UIControl+TestHelpers.swift"; sourceTree = "<group>"; };
		F40058522C57A82A0059B6EA /* FeedUIIntegrationTests.swift */ = {isa = PBXFileReference; lastKnownFileType = sourcecode.swift; path = FeedUIIntegrationTests.swift; sourceTree = "<group>"; };
		F40058542C57A9690059B6EA /* FeedAcceptanceTests.swift */ = {isa = PBXFileReference; lastKnownFileType = sourcecode.swift; path = FeedAcceptanceTests.swift; sourceTree = "<group>"; };
		F41C84E92C3E98BB00CAAC84 /* EssentialApp.app */ = {isa = PBXFileReference; explicitFileType = wrapper.application; includeInIndex = 0; path = EssentialApp.app; sourceTree = BUILT_PRODUCTS_DIR; };
		F41C84EC2C3E98BB00CAAC84 /* AppDelegate.swift */ = {isa = PBXFileReference; lastKnownFileType = sourcecode.swift; path = AppDelegate.swift; sourceTree = "<group>"; };
		F41C84EE2C3E98BB00CAAC84 /* SceneDelegate.swift */ = {isa = PBXFileReference; lastKnownFileType = sourcecode.swift; path = SceneDelegate.swift; sourceTree = "<group>"; };
		F41C84F52C3E98BE00CAAC84 /* Assets.xcassets */ = {isa = PBXFileReference; lastKnownFileType = folder.assetcatalog; path = Assets.xcassets; sourceTree = "<group>"; };
		F41C84F82C3E98BE00CAAC84 /* Base */ = {isa = PBXFileReference; lastKnownFileType = file.storyboard; name = Base; path = Base.lproj/LaunchScreen.storyboard; sourceTree = "<group>"; };
		F41C84FA2C3E98BE00CAAC84 /* Info.plist */ = {isa = PBXFileReference; lastKnownFileType = text.plist.xml; path = Info.plist; sourceTree = "<group>"; };
		F41C851D2C3E9A6600CAAC84 /* EssentialFeed.framework */ = {isa = PBXFileReference; explicitFileType = wrapper.framework; path = EssentialFeed.framework; sourceTree = BUILT_PRODUCTS_DIR; };
		F41C851E2C3E9A6600CAAC84 /* EssentialFeediOS.framework */ = {isa = PBXFileReference; explicitFileType = wrapper.framework; path = EssentialFeediOS.framework; sourceTree = BUILT_PRODUCTS_DIR; };
		F42190C92C3FD3DF00DC910A /* EssentialAppTests.xctest */ = {isa = PBXFileReference; explicitFileType = wrapper.cfbundle; includeInIndex = 0; path = EssentialAppTests.xctest; sourceTree = BUILT_PRODUCTS_DIR; };
		F42190D22C3FD42E00DC910A /* EssentialApp.xctestplan */ = {isa = PBXFileReference; lastKnownFileType = text; path = EssentialApp.xctestplan; sourceTree = "<group>"; };
		F42190D52C3FE63600DC910A /* FeedImageDataLoaderFallbackCompositeTests.swift */ = {isa = PBXFileReference; lastKnownFileType = sourcecode.swift; path = FeedImageDataLoaderFallbackCompositeTests.swift; sourceTree = "<group>"; };
		F42190D72C3FF55300DC910A /* FeedImageDataLoaderWithFallbackComposite.swift */ = {isa = PBXFileReference; lastKnownFileType = sourcecode.swift; path = FeedImageDataLoaderWithFallbackComposite.swift; sourceTree = "<group>"; };
		F42190DA2C3FF5B600DC910A /* XCTestCase+MemoryLeakTracking.swift */ = {isa = PBXFileReference; lastKnownFileType = sourcecode.swift; path = "XCTestCase+MemoryLeakTracking.swift"; sourceTree = "<group>"; };
		F42190DC2C3FF60000DC910A /* SharedTestHelpers.swift */ = {isa = PBXFileReference; lastKnownFileType = sourcecode.swift; path = SharedTestHelpers.swift; sourceTree = "<group>"; };
		F44344642C45286C00FD8CCE /* FeedLoaderStub.swift */ = {isa = PBXFileReference; lastKnownFileType = sourcecode.swift; path = FeedLoaderStub.swift; sourceTree = "<group>"; };
		F44344662C45291F00FD8CCE /* XCTestCase+FeedLoader.swift */ = {isa = PBXFileReference; lastKnownFileType = sourcecode.swift; path = "XCTestCase+FeedLoader.swift"; sourceTree = "<group>"; };
		F443446C2C45312100FD8CCE /* FeedImageDataLoaderCacheDecoratorTests.swift */ = {isa = PBXFileReference; lastKnownFileType = sourcecode.swift; path = FeedImageDataLoaderCacheDecoratorTests.swift; sourceTree = "<group>"; };
		F443446E2C45316100FD8CCE /* FeedImageDataLoaderSpy.swift */ = {isa = PBXFileReference; lastKnownFileType = sourcecode.swift; path = FeedImageDataLoaderSpy.swift; sourceTree = "<group>"; };
		F44344702C4531CB00FD8CCE /* XCTestCase+FeedImageDataLoader.swift */ = {isa = PBXFileReference; lastKnownFileType = sourcecode.swift; path = "XCTestCase+FeedImageDataLoader.swift"; sourceTree = "<group>"; };
		F44344742C4535E500FD8CCE /* FeedImageDataLoaderCacheDecorator.swift */ = {isa = PBXFileReference; lastKnownFileType = sourcecode.swift; path = FeedImageDataLoaderCacheDecorator.swift; sourceTree = "<group>"; };
		F44D024F2C5A44970013FF0D /* UIView+TestHelpers.swift */ = {isa = PBXFileReference; lastKnownFileType = sourcecode.swift; path = "UIView+TestHelpers.swift"; sourceTree = "<group>"; };
		F4FB9A132C57C30E0055B230 /* HTTPClientStub.swift */ = {isa = PBXFileReference; lastKnownFileType = sourcecode.swift; path = HTTPClientStub.swift; sourceTree = "<group>"; };
		F4FB9A152C57C33C0055B230 /* InMemoryFeedStore.swift */ = {isa = PBXFileReference; lastKnownFileType = sourcecode.swift; path = InMemoryFeedStore.swift; sourceTree = "<group>"; };
/* End PBXFileReference section */

/* Begin PBXFrameworksBuildPhase section */
		F41C84E62C3E98BB00CAAC84 /* Frameworks */ = {
			isa = PBXFrameworksBuildPhase;
			buildActionMask = 2147483647;
			files = (
				F41C851F2C3E9A6600CAAC84 /* EssentialFeed.framework in Frameworks */,
				F41C85212C3E9A6600CAAC84 /* EssentialFeediOS.framework in Frameworks */,
			);
			runOnlyForDeploymentPostprocessing = 0;
		};
		F42190C62C3FD3DF00DC910A /* Frameworks */ = {
			isa = PBXFrameworksBuildPhase;
			buildActionMask = 2147483647;
			files = (
			);
			runOnlyForDeploymentPostprocessing = 0;
		};
/* End PBXFrameworksBuildPhase section */

/* Begin PBXGroup section */
		F41C84E02C3E98BB00CAAC84 = {
			isa = PBXGroup;
			children = (
				F41C84EB2C3E98BB00CAAC84 /* EssentialApp */,
				F42190CA2C3FD3DF00DC910A /* EssentialAppTests */,
				F41C84EA2C3E98BB00CAAC84 /* Products */,
				F41C851C2C3E9A6600CAAC84 /* Frameworks */,
			);
			sourceTree = "<group>";
		};
		F41C84EA2C3E98BB00CAAC84 /* Products */ = {
			isa = PBXGroup;
			children = (
				F41C84E92C3E98BB00CAAC84 /* EssentialApp.app */,
				F42190C92C3FD3DF00DC910A /* EssentialAppTests.xctest */,
			);
			name = Products;
			sourceTree = "<group>";
		};
		F41C84EB2C3E98BB00CAAC84 /* EssentialApp */ = {
			isa = PBXGroup;
			children = (
				F41C84EC2C3E98BB00CAAC84 /* AppDelegate.swift */,
				F41C84EE2C3E98BB00CAAC84 /* SceneDelegate.swift */,
				F40058382C57A4CB0059B6EA /* FeedUIComposer.swift */,
				F40058352C57A4CA0059B6EA /* MainQueueDispatchDecorator.swift */,
				F40058362C57A4CB0059B6EA /* WeakRefVirtualProxy.swift */,
				F40058372C57A4CB0059B6EA /* FeedViewAdapter.swift */,
				F40058342C57A4CA0059B6EA /* FeedImagePresentationAdapter.swift */,
				F40058392C57A4CB0059B6EA /* FeedPresentationAdapter.swift */,
				F42190D72C3FF55300DC910A /* FeedImageDataLoaderWithFallbackComposite.swift */,
				F44344742C4535E500FD8CCE /* FeedImageDataLoaderCacheDecorator.swift */,
				F41C84F52C3E98BE00CAAC84 /* Assets.xcassets */,
				F41C84F72C3E98BE00CAAC84 /* LaunchScreen.storyboard */,
				F41C84FA2C3E98BE00CAAC84 /* Info.plist */,
			);
			path = EssentialApp;
			sourceTree = "<group>";
		};
		F41C851C2C3E9A6600CAAC84 /* Frameworks */ = {
			isa = PBXGroup;
			children = (
				F41C851D2C3E9A6600CAAC84 /* EssentialFeed.framework */,
				F41C851E2C3E9A6600CAAC84 /* EssentialFeediOS.framework */,
			);
			name = Frameworks;
			sourceTree = "<group>";
		};
		F42190CA2C3FD3DF00DC910A /* EssentialAppTests */ = {
			isa = PBXGroup;
			children = (
				F42190D22C3FD42E00DC910A /* EssentialApp.xctestplan */,
				F42190D92C3FF5A900DC910A /* Helpers */,
				F40058322C57A47C0059B6EA /* SceneDelegateTests.swift */,
				F40058542C57A9690059B6EA /* FeedAcceptanceTests.swift */,
				F40058522C57A82A0059B6EA /* FeedUIIntegrationTests.swift */,
				F42190D52C3FE63600DC910A /* FeedImageDataLoaderFallbackCompositeTests.swift */,
				F443446C2C45312100FD8CCE /* FeedImageDataLoaderCacheDecoratorTests.swift */,
			);
			path = EssentialAppTests;
			sourceTree = "<group>";
		};
		F42190D92C3FF5A900DC910A /* Helpers */ = {
			isa = PBXGroup;
			children = (
				F40058402C57A4EC0059B6EA /* UIImage+TestHelpers.swift */,
				F40058422C57A4EC0059B6EA /* UIRefreshControl+TestHelpers.swift */,
				F40058412C57A4EC0059B6EA /* UIButton+TestHelpers.swift */,
				F40058482C57A4ED0059B6EA /* UIControl+TestHelpers.swift */,
				F40058432C57A4EC0059B6EA /* FeedViewController+TestHelpers.swift */,
				F40058442C57A4EC0059B6EA /* FeedImageCell+TestHelpers.swift */,
				F40058472C57A4ED0059B6EA /* FeedViewControllerTests+LoaderSpy.swift */,
				F40058462C57A4ED0059B6EA /* FeedUIIntegrationTests+Assertions.swift */,
				F40058452C57A4EC0059B6EA /* FeedViewControllerTests+Localization.swift */,
				F42190DA2C3FF5B600DC910A /* XCTestCase+MemoryLeakTracking.swift */,
				F42190DC2C3FF60000DC910A /* SharedTestHelpers.swift */,
				F44344642C45286C00FD8CCE /* FeedLoaderStub.swift */,
				F443446E2C45316100FD8CCE /* FeedImageDataLoaderSpy.swift */,
				F44344662C45291F00FD8CCE /* XCTestCase+FeedLoader.swift */,
				F44344702C4531CB00FD8CCE /* XCTestCase+FeedImageDataLoader.swift */,
				F4FB9A132C57C30E0055B230 /* HTTPClientStub.swift */,
				F4FB9A152C57C33C0055B230 /* InMemoryFeedStore.swift */,
				F44D024F2C5A44970013FF0D /* UIView+TestHelpers.swift */,
			);
			path = Helpers;
			sourceTree = "<group>";
		};
/* End PBXGroup section */

/* Begin PBXNativeTarget section */
		F41C84E82C3E98BB00CAAC84 /* EssentialApp */ = {
			isa = PBXNativeTarget;
			buildConfigurationList = F41C85132C3E98BF00CAAC84 /* Build configuration list for PBXNativeTarget "EssentialApp" */;
			buildPhases = (
				F41C84E52C3E98BB00CAAC84 /* Sources */,
				F41C84E62C3E98BB00CAAC84 /* Frameworks */,
				F41C84E72C3E98BB00CAAC84 /* Resources */,
				F41C85232C3E9A6600CAAC84 /* Embed Frameworks */,
			);
			buildRules = (
			);
			dependencies = (
			);
			name = EssentialApp;
			productName = EssentialApp;
			productReference = F41C84E92C3E98BB00CAAC84 /* EssentialApp.app */;
			productType = "com.apple.product-type.application";
		};
		F42190C82C3FD3DF00DC910A /* EssentialAppTests */ = {
			isa = PBXNativeTarget;
			buildConfigurationList = F42190CF2C3FD3DF00DC910A /* Build configuration list for PBXNativeTarget "EssentialAppTests" */;
			buildPhases = (
				F42190C52C3FD3DF00DC910A /* Sources */,
				F42190C62C3FD3DF00DC910A /* Frameworks */,
				F42190C72C3FD3DF00DC910A /* Resources */,
			);
			buildRules = (
			);
			dependencies = (
				F42190CE2C3FD3DF00DC910A /* PBXTargetDependency */,
			);
			name = EssentialAppTests;
			productName = EssentialAppTests;
			productReference = F42190C92C3FD3DF00DC910A /* EssentialAppTests.xctest */;
			productType = "com.apple.product-type.bundle.unit-test";
		};
/* End PBXNativeTarget section */

/* Begin PBXProject section */
		F41C84E12C3E98BB00CAAC84 /* Project object */ = {
			isa = PBXProject;
			attributes = {
				BuildIndependentTargetsInParallel = 1;
				LastSwiftUpdateCheck = 1540;
				LastUpgradeCheck = 1540;
				TargetAttributes = {
					F41C84E82C3E98BB00CAAC84 = {
						CreatedOnToolsVersion = 15.4;
					};
					F42190C82C3FD3DF00DC910A = {
						CreatedOnToolsVersion = 15.4;
						TestTargetID = F41C84E82C3E98BB00CAAC84;
					};
				};
			};
			buildConfigurationList = F41C84E42C3E98BB00CAAC84 /* Build configuration list for PBXProject "EssentialApp" */;
			compatibilityVersion = "Xcode 14.0";
			developmentRegion = en;
			hasScannedForEncodings = 0;
			knownRegions = (
				en,
				Base,
			);
			mainGroup = F41C84E02C3E98BB00CAAC84;
			productRefGroup = F41C84EA2C3E98BB00CAAC84 /* Products */;
			projectDirPath = "";
			projectRoot = "";
			targets = (
				F41C84E82C3E98BB00CAAC84 /* EssentialApp */,
				F42190C82C3FD3DF00DC910A /* EssentialAppTests */,
			);
		};
/* End PBXProject section */

/* Begin PBXResourcesBuildPhase section */
		F41C84E72C3E98BB00CAAC84 /* Resources */ = {
			isa = PBXResourcesBuildPhase;
			buildActionMask = 2147483647;
			files = (
				F41C84F62C3E98BE00CAAC84 /* Assets.xcassets in Resources */,
				F41C84F92C3E98BE00CAAC84 /* Base in Resources */,
			);
			runOnlyForDeploymentPostprocessing = 0;
		};
		F42190C72C3FD3DF00DC910A /* Resources */ = {
			isa = PBXResourcesBuildPhase;
			buildActionMask = 2147483647;
			files = (
			);
			runOnlyForDeploymentPostprocessing = 0;
		};
/* End PBXResourcesBuildPhase section */

/* Begin PBXSourcesBuildPhase section */
		F41C84E52C3E98BB00CAAC84 /* Sources */ = {
			isa = PBXSourcesBuildPhase;
			buildActionMask = 2147483647;
			files = (
				F42190D82C3FF55300DC910A /* FeedImageDataLoaderWithFallbackComposite.swift in Sources */,
				F400583A2C57A4CB0059B6EA /* FeedPresentationAdapter.swift in Sources */,
				F41C84ED2C3E98BB00CAAC84 /* AppDelegate.swift in Sources */,
				F41C84EF2C3E98BB00CAAC84 /* SceneDelegate.swift in Sources */,
				F400583E2C57A4CB0059B6EA /* MainQueueDispatchDecorator.swift in Sources */,
				F44344752C4535E500FD8CCE /* FeedImageDataLoaderCacheDecorator.swift in Sources */,
				F400583D2C57A4CB0059B6EA /* FeedViewAdapter.swift in Sources */,
				F400583B2C57A4CB0059B6EA /* WeakRefVirtualProxy.swift in Sources */,
				F400583C2C57A4CB0059B6EA /* FeedUIComposer.swift in Sources */,
				F400583F2C57A4CB0059B6EA /* FeedImagePresentationAdapter.swift in Sources */,
			);
			runOnlyForDeploymentPostprocessing = 0;
		};
		F42190C52C3FD3DF00DC910A /* Sources */ = {
			isa = PBXSourcesBuildPhase;
			buildActionMask = 2147483647;
			files = (
				F42190DD2C3FF60000DC910A /* SharedTestHelpers.swift in Sources */,
				F443446D2C45312100FD8CCE /* FeedImageDataLoaderCacheDecoratorTests.swift in Sources */,
				F400584C2C57A4ED0059B6EA /* FeedViewControllerTests+Localization.swift in Sources */,
				F400584F2C57A4ED0059B6EA /* FeedUIIntegrationTests+Assertions.swift in Sources */,
				F44344672C45291F00FD8CCE /* XCTestCase+FeedLoader.swift in Sources */,
				F44344712C4531CB00FD8CCE /* XCTestCase+FeedImageDataLoader.swift in Sources */,
				F400584D2C57A4ED0059B6EA /* FeedViewControllerTests+LoaderSpy.swift in Sources */,
				F40058512C57A4ED0059B6EA /* FeedViewController+TestHelpers.swift in Sources */,
				F443446F2C45316100FD8CCE /* FeedImageDataLoaderSpy.swift in Sources */,
				F40058332C57A47C0059B6EA /* SceneDelegateTests.swift in Sources */,
				F4FB9A162C57C33C0055B230 /* InMemoryFeedStore.swift in Sources */,
				F42190D62C3FE63600DC910A /* FeedImageDataLoaderFallbackCompositeTests.swift in Sources */,
				F400584A2C57A4ED0059B6EA /* FeedImageCell+TestHelpers.swift in Sources */,
				F44344652C45286C00FD8CCE /* FeedLoaderStub.swift in Sources */,
				F4FB9A142C57C30E0055B230 /* HTTPClientStub.swift in Sources */,
				F400584B2C57A4ED0059B6EA /* UIButton+TestHelpers.swift in Sources */,
				F44D02502C5A44970013FF0D /* UIView+TestHelpers.swift in Sources */,
				F400584E2C57A4ED0059B6EA /* UIRefreshControl+TestHelpers.swift in Sources */,
				F40058502C57A4ED0059B6EA /* UIControl+TestHelpers.swift in Sources */,
				F40058552C57A9690059B6EA /* FeedAcceptanceTests.swift in Sources */,
				F42190DB2C3FF5B600DC910A /* XCTestCase+MemoryLeakTracking.swift in Sources */,
				F40058532C57A82A0059B6EA /* FeedUIIntegrationTests.swift in Sources */,
				F40058492C57A4ED0059B6EA /* UIImage+TestHelpers.swift in Sources */,
			);
			runOnlyForDeploymentPostprocessing = 0;
		};
/* End PBXSourcesBuildPhase section */

/* Begin PBXTargetDependency section */
		F42190CE2C3FD3DF00DC910A /* PBXTargetDependency */ = {
			isa = PBXTargetDependency;
			target = F41C84E82C3E98BB00CAAC84 /* EssentialApp */;
			targetProxy = F42190CD2C3FD3DF00DC910A /* PBXContainerItemProxy */;
		};
/* End PBXTargetDependency section */

/* Begin PBXVariantGroup section */
		F41C84F72C3E98BE00CAAC84 /* LaunchScreen.storyboard */ = {
			isa = PBXVariantGroup;
			children = (
				F41C84F82C3E98BE00CAAC84 /* Base */,
			);
			name = LaunchScreen.storyboard;
			sourceTree = "<group>";
		};
/* End PBXVariantGroup section */

/* Begin XCBuildConfiguration section */
		F41C85112C3E98BF00CAAC84 /* Debug */ = {
			isa = XCBuildConfiguration;
			buildSettings = {
				ALWAYS_SEARCH_USER_PATHS = NO;
				ASSETCATALOG_COMPILER_GENERATE_SWIFT_ASSET_SYMBOL_EXTENSIONS = YES;
				CLANG_ANALYZER_NONNULL = YES;
				CLANG_ANALYZER_NUMBER_OBJECT_CONVERSION = YES_AGGRESSIVE;
				CLANG_CXX_LANGUAGE_STANDARD = "gnu++20";
				CLANG_ENABLE_MODULES = YES;
				CLANG_ENABLE_OBJC_ARC = YES;
				CLANG_ENABLE_OBJC_WEAK = YES;
				CLANG_WARN_BLOCK_CAPTURE_AUTORELEASING = YES;
				CLANG_WARN_BOOL_CONVERSION = YES;
				CLANG_WARN_COMMA = YES;
				CLANG_WARN_CONSTANT_CONVERSION = YES;
				CLANG_WARN_DEPRECATED_OBJC_IMPLEMENTATIONS = YES;
				CLANG_WARN_DIRECT_OBJC_ISA_USAGE = YES_ERROR;
				CLANG_WARN_DOCUMENTATION_COMMENTS = YES;
				CLANG_WARN_EMPTY_BODY = YES;
				CLANG_WARN_ENUM_CONVERSION = YES;
				CLANG_WARN_INFINITE_RECURSION = YES;
				CLANG_WARN_INT_CONVERSION = YES;
				CLANG_WARN_NON_LITERAL_NULL_CONVERSION = YES;
				CLANG_WARN_OBJC_IMPLICIT_RETAIN_SELF = YES;
				CLANG_WARN_OBJC_LITERAL_CONVERSION = YES;
				CLANG_WARN_OBJC_ROOT_CLASS = YES_ERROR;
				CLANG_WARN_QUOTED_INCLUDE_IN_FRAMEWORK_HEADER = YES;
				CLANG_WARN_RANGE_LOOP_ANALYSIS = YES;
				CLANG_WARN_STRICT_PROTOTYPES = YES;
				CLANG_WARN_SUSPICIOUS_MOVE = YES;
				CLANG_WARN_UNGUARDED_AVAILABILITY = YES_AGGRESSIVE;
				CLANG_WARN_UNREACHABLE_CODE = YES;
				CLANG_WARN__DUPLICATE_METHOD_MATCH = YES;
				COPY_PHASE_STRIP = NO;
				DEBUG_INFORMATION_FORMAT = dwarf;
				ENABLE_STRICT_OBJC_MSGSEND = YES;
				ENABLE_TESTABILITY = YES;
				ENABLE_USER_SCRIPT_SANDBOXING = YES;
				GCC_C_LANGUAGE_STANDARD = gnu17;
				GCC_DYNAMIC_NO_PIC = NO;
				GCC_NO_COMMON_BLOCKS = YES;
				GCC_OPTIMIZATION_LEVEL = 0;
				GCC_PREPROCESSOR_DEFINITIONS = (
					"DEBUG=1",
					"$(inherited)",
				);
				GCC_WARN_64_TO_32_BIT_CONVERSION = YES;
				GCC_WARN_ABOUT_RETURN_TYPE = YES_ERROR;
				GCC_WARN_UNDECLARED_SELECTOR = YES;
				GCC_WARN_UNINITIALIZED_AUTOS = YES_AGGRESSIVE;
				GCC_WARN_UNUSED_FUNCTION = YES;
				GCC_WARN_UNUSED_VARIABLE = YES;
				IPHONEOS_DEPLOYMENT_TARGET = 17.5;
				LOCALIZATION_PREFERS_STRING_CATALOGS = YES;
				MTL_ENABLE_DEBUG_INFO = INCLUDE_SOURCE;
				MTL_FAST_MATH = YES;
				ONLY_ACTIVE_ARCH = YES;
				SDKROOT = iphoneos;
				SWIFT_ACTIVE_COMPILATION_CONDITIONS = "DEBUG $(inherited)";
				SWIFT_OPTIMIZATION_LEVEL = "-Onone";
			};
			name = Debug;
		};
		F41C85122C3E98BF00CAAC84 /* Release */ = {
			isa = XCBuildConfiguration;
			buildSettings = {
				ALWAYS_SEARCH_USER_PATHS = NO;
				ASSETCATALOG_COMPILER_GENERATE_SWIFT_ASSET_SYMBOL_EXTENSIONS = YES;
				CLANG_ANALYZER_NONNULL = YES;
				CLANG_ANALYZER_NUMBER_OBJECT_CONVERSION = YES_AGGRESSIVE;
				CLANG_CXX_LANGUAGE_STANDARD = "gnu++20";
				CLANG_ENABLE_MODULES = YES;
				CLANG_ENABLE_OBJC_ARC = YES;
				CLANG_ENABLE_OBJC_WEAK = YES;
				CLANG_WARN_BLOCK_CAPTURE_AUTORELEASING = YES;
				CLANG_WARN_BOOL_CONVERSION = YES;
				CLANG_WARN_COMMA = YES;
				CLANG_WARN_CONSTANT_CONVERSION = YES;
				CLANG_WARN_DEPRECATED_OBJC_IMPLEMENTATIONS = YES;
				CLANG_WARN_DIRECT_OBJC_ISA_USAGE = YES_ERROR;
				CLANG_WARN_DOCUMENTATION_COMMENTS = YES;
				CLANG_WARN_EMPTY_BODY = YES;
				CLANG_WARN_ENUM_CONVERSION = YES;
				CLANG_WARN_INFINITE_RECURSION = YES;
				CLANG_WARN_INT_CONVERSION = YES;
				CLANG_WARN_NON_LITERAL_NULL_CONVERSION = YES;
				CLANG_WARN_OBJC_IMPLICIT_RETAIN_SELF = YES;
				CLANG_WARN_OBJC_LITERAL_CONVERSION = YES;
				CLANG_WARN_OBJC_ROOT_CLASS = YES_ERROR;
				CLANG_WARN_QUOTED_INCLUDE_IN_FRAMEWORK_HEADER = YES;
				CLANG_WARN_RANGE_LOOP_ANALYSIS = YES;
				CLANG_WARN_STRICT_PROTOTYPES = YES;
				CLANG_WARN_SUSPICIOUS_MOVE = YES;
				CLANG_WARN_UNGUARDED_AVAILABILITY = YES_AGGRESSIVE;
				CLANG_WARN_UNREACHABLE_CODE = YES;
				CLANG_WARN__DUPLICATE_METHOD_MATCH = YES;
				COPY_PHASE_STRIP = NO;
				DEBUG_INFORMATION_FORMAT = "dwarf-with-dsym";
				ENABLE_NS_ASSERTIONS = NO;
				ENABLE_STRICT_OBJC_MSGSEND = YES;
				ENABLE_USER_SCRIPT_SANDBOXING = YES;
				GCC_C_LANGUAGE_STANDARD = gnu17;
				GCC_NO_COMMON_BLOCKS = YES;
				GCC_WARN_64_TO_32_BIT_CONVERSION = YES;
				GCC_WARN_ABOUT_RETURN_TYPE = YES_ERROR;
				GCC_WARN_UNDECLARED_SELECTOR = YES;
				GCC_WARN_UNINITIALIZED_AUTOS = YES_AGGRESSIVE;
				GCC_WARN_UNUSED_FUNCTION = YES;
				GCC_WARN_UNUSED_VARIABLE = YES;
				IPHONEOS_DEPLOYMENT_TARGET = 17.5;
				LOCALIZATION_PREFERS_STRING_CATALOGS = YES;
				MTL_ENABLE_DEBUG_INFO = NO;
				MTL_FAST_MATH = YES;
				SDKROOT = iphoneos;
				SWIFT_COMPILATION_MODE = wholemodule;
				VALIDATE_PRODUCT = YES;
			};
			name = Release;
		};
		F41C85142C3E98BF00CAAC84 /* Debug */ = {
			isa = XCBuildConfiguration;
			buildSettings = {
				ASSETCATALOG_COMPILER_APPICON_NAME = AppIcon;
				ASSETCATALOG_COMPILER_GLOBAL_ACCENT_COLOR_NAME = AccentColor;
				CODE_SIGN_STYLE = Automatic;
				CURRENT_PROJECT_VERSION = 1;
				DEVELOPMENT_TEAM = SC3D86JVL3;
				GENERATE_INFOPLIST_FILE = YES;
				INFOPLIST_FILE = EssentialApp/Info.plist;
				INFOPLIST_KEY_UIApplicationSupportsIndirectInputEvents = YES;
				INFOPLIST_KEY_UILaunchStoryboardName = LaunchScreen;
				INFOPLIST_KEY_UISupportedInterfaceOrientations = UIInterfaceOrientationPortrait;
				LD_RUNPATH_SEARCH_PATHS = (
					"$(inherited)",
					"@executable_path/Frameworks",
				);
				MARKETING_VERSION = 1.0;
				PRODUCT_BUNDLE_IDENTIFIER = com.afsal.EssentialApp.EssentialApp;
				PRODUCT_NAME = "$(TARGET_NAME)";
				SUPPORTED_PLATFORMS = "iphoneos iphonesimulator";
				SUPPORTS_MACCATALYST = NO;
				SUPPORTS_MAC_DESIGNED_FOR_IPHONE_IPAD = NO;
				SUPPORTS_XR_DESIGNED_FOR_IPHONE_IPAD = NO;
				SWIFT_EMIT_LOC_STRINGS = YES;
				SWIFT_VERSION = 5.0;
				TARGETED_DEVICE_FAMILY = 1;
			};
			name = Debug;
		};
		F41C85152C3E98BF00CAAC84 /* Release */ = {
			isa = XCBuildConfiguration;
			buildSettings = {
				ASSETCATALOG_COMPILER_APPICON_NAME = AppIcon;
				ASSETCATALOG_COMPILER_GLOBAL_ACCENT_COLOR_NAME = AccentColor;
				CODE_SIGN_STYLE = Automatic;
				CURRENT_PROJECT_VERSION = 1;
				DEVELOPMENT_TEAM = SC3D86JVL3;
				GENERATE_INFOPLIST_FILE = YES;
				INFOPLIST_FILE = EssentialApp/Info.plist;
				INFOPLIST_KEY_UIApplicationSupportsIndirectInputEvents = YES;
				INFOPLIST_KEY_UILaunchStoryboardName = LaunchScreen;
				INFOPLIST_KEY_UISupportedInterfaceOrientations = UIInterfaceOrientationPortrait;
				LD_RUNPATH_SEARCH_PATHS = (
					"$(inherited)",
					"@executable_path/Frameworks",
				);
				MARKETING_VERSION = 1.0;
				PRODUCT_BUNDLE_IDENTIFIER = com.afsal.EssentialApp.EssentialApp;
				PRODUCT_NAME = "$(TARGET_NAME)";
				SUPPORTED_PLATFORMS = "iphoneos iphonesimulator";
				SUPPORTS_MACCATALYST = NO;
				SUPPORTS_MAC_DESIGNED_FOR_IPHONE_IPAD = NO;
				SUPPORTS_XR_DESIGNED_FOR_IPHONE_IPAD = NO;
				SWIFT_EMIT_LOC_STRINGS = YES;
				SWIFT_VERSION = 5.0;
				TARGETED_DEVICE_FAMILY = 1;
			};
			name = Release;
		};
		F42190D02C3FD3DF00DC910A /* Debug */ = {
			isa = XCBuildConfiguration;
			buildSettings = {
				BUNDLE_LOADER = "$(TEST_HOST)";
				CODE_SIGN_STYLE = Automatic;
				CURRENT_PROJECT_VERSION = 1;
				DEVELOPMENT_TEAM = SC3D86JVL3;
				GENERATE_INFOPLIST_FILE = YES;
				MARKETING_VERSION = 1.0;
				PRODUCT_BUNDLE_IDENTIFIER = com.afsal.EssentialApp.EssentialAppTests;
				PRODUCT_NAME = "$(TARGET_NAME)";
				SUPPORTED_PLATFORMS = "iphoneos iphonesimulator";
				SUPPORTS_MACCATALYST = NO;
				SUPPORTS_MAC_DESIGNED_FOR_IPHONE_IPAD = NO;
				SUPPORTS_XR_DESIGNED_FOR_IPHONE_IPAD = NO;
				SWIFT_EMIT_LOC_STRINGS = NO;
				SWIFT_VERSION = 5.0;
				TARGETED_DEVICE_FAMILY = 1;
				TEST_HOST = "$(BUILT_PRODUCTS_DIR)/EssentialApp.app/$(BUNDLE_EXECUTABLE_FOLDER_PATH)/EssentialApp";
			};
			name = Debug;
		};
		F42190D12C3FD3DF00DC910A /* Release */ = {
			isa = XCBuildConfiguration;
			buildSettings = {
				BUNDLE_LOADER = "$(TEST_HOST)";
				CODE_SIGN_STYLE = Automatic;
				CURRENT_PROJECT_VERSION = 1;
				DEVELOPMENT_TEAM = SC3D86JVL3;
				GENERATE_INFOPLIST_FILE = YES;
				MARKETING_VERSION = 1.0;
				PRODUCT_BUNDLE_IDENTIFIER = com.afsal.EssentialApp.EssentialAppTests;
				PRODUCT_NAME = "$(TARGET_NAME)";
				SUPPORTED_PLATFORMS = "iphoneos iphonesimulator";
				SUPPORTS_MACCATALYST = NO;
				SUPPORTS_MAC_DESIGNED_FOR_IPHONE_IPAD = NO;
				SUPPORTS_XR_DESIGNED_FOR_IPHONE_IPAD = NO;
				SWIFT_EMIT_LOC_STRINGS = NO;
				SWIFT_VERSION = 5.0;
				TARGETED_DEVICE_FAMILY = 1;
				TEST_HOST = "$(BUILT_PRODUCTS_DIR)/EssentialApp.app/$(BUNDLE_EXECUTABLE_FOLDER_PATH)/EssentialApp";
			};
			name = Release;
		};
/* End XCBuildConfiguration section */

/* Begin XCConfigurationList section */
		F41C84E42C3E98BB00CAAC84 /* Build configuration list for PBXProject "EssentialApp" */ = {
			isa = XCConfigurationList;
			buildConfigurations = (
				F41C85112C3E98BF00CAAC84 /* Debug */,
				F41C85122C3E98BF00CAAC84 /* Release */,
			);
			defaultConfigurationIsVisible = 0;
			defaultConfigurationName = Release;
		};
		F41C85132C3E98BF00CAAC84 /* Build configuration list for PBXNativeTarget "EssentialApp" */ = {
			isa = XCConfigurationList;
			buildConfigurations = (
				F41C85142C3E98BF00CAAC84 /* Debug */,
				F41C85152C3E98BF00CAAC84 /* Release */,
			);
			defaultConfigurationIsVisible = 0;
			defaultConfigurationName = Release;
		};
		F42190CF2C3FD3DF00DC910A /* Build configuration list for PBXNativeTarget "EssentialAppTests" */ = {
			isa = XCConfigurationList;
			buildConfigurations = (
				F42190D02C3FD3DF00DC910A /* Debug */,
				F42190D12C3FD3DF00DC910A /* Release */,
			);
			defaultConfigurationIsVisible = 0;
			defaultConfigurationName = Release;
		};
/* End XCConfigurationList section */
	};
	rootObject = F41C84E12C3E98BB00CAAC84 /* Project object */;
}
